
Microsoft Visual Studio Solution File, Format Version 12.00
# Visual Studio Version 17
VisualStudioVersion = 17.5.33530.505
MinimumVisualStudioVersion = 10.0.40219.1
Project("{FAE04EC0-301F-11D3-BF4B-00C04F79EFBC}") = "Project1 Supermarket", "Project1 Supermarket\Project1 Supermarket.csproj", "{ACA9AC04-0FB2-448C-A5D3-5280033B9051}"
EndProject
Global
	GlobalSection(SolutionConfigurationPlatforms) = preSolution
		Debug|Any CPU = Debug|Any CPU
		Release|Any CPU = Release|Any CPU
	EndGlobalSection
	GlobalSection(ProjectConfigurationPlatforms) = postSolution
		{ACA9AC04-0FB2-448C-A5D3-5280033B9051}.Debug|Any CPU.ActiveCfg = Debug|Any CPU
		{ACA9AC04-0FB2-448C-A5D3-5280033B9051}.Debug|Any CPU.Build.0 = Debug|Any CPU
		{ACA9AC04-0FB2-448C-A5D3-5280033B9051}.Release|Any CPU.ActiveCfg = Release|Any CPU
		{ACA9AC04-0FB2-448C-A5D3-5280033B9051}.Release|Any CPU.Build.0 = Release|Any CPU
	EndGlobalSection
	GlobalSection(SolutionProperties) = preSolution
		HideSolutionNode = FALSE
	EndGlobalSection
	GlobalSection(ExtensibilityGlobals) = postSolution
		SolutionGuid = {19BF9307-74C5-4CA4-92C4-E78625F83382}
	EndGlobalSection
EndGlobal
